
Microsoft Visual Studio Solution File, Format Version 12.00
# Visual Studio 15
VisualStudioVersion = 15.0.27130.2010
MinimumVisualStudioVersion = 10.0.40219.1
Project("{FAE04EC0-301F-11D3-BF4B-00C04F79EFBC}") = "Speech Recognition", "Speech Recognition\Speech Recognition.csproj", "{07285C76-FB83-474C-8CD2-77083F444245}"
EndProject
Project("{FAE04EC0-301F-11D3-BF4B-00C04F79EFBC}") = "SpeechBing", "SpeechBing\SpeechBing.csproj", "{8360AA84-D942-44BD-A40D-CDA5158F039A}"
EndProject
Global
	GlobalSection(SolutionConfigurationPlatforms) = preSolution
		Debug|Any CPU = Debug|Any CPU
		Release|Any CPU = Release|Any CPU
	EndGlobalSection
	GlobalSection(ProjectConfigurationPlatforms) = postSolution
		{07285C76-FB83-474C-8CD2-77083F444245}.Debug|Any CPU.ActiveCfg = Debug|Any CPU
		{07285C76-FB83-474C-8CD2-77083F444245}.Debug|Any CPU.Build.0 = Debug|Any CPU
		{07285C76-FB83-474C-8CD2-77083F444245}.Release|Any CPU.ActiveCfg = Release|Any CPU
		{07285C76-FB83-474C-8CD2-77083F444245}.Release|Any CPU.Build.0 = Release|Any CPU
		{8360AA84-D942-44BD-A40D-CDA5158F039A}.Debug|Any CPU.ActiveCfg = Debug|Any CPU
		{8360AA84-D942-44BD-A40D-CDA5158F039A}.Debug|Any CPU.Build.0 = Debug|Any CPU
		{8360AA84-D942-44BD-A40D-CDA5158F039A}.Release|Any CPU.ActiveCfg = Release|Any CPU
		{8360AA84-D942-44BD-A40D-CDA5158F039A}.Release|Any CPU.Build.0 = Release|Any CPU
	EndGlobalSection
	GlobalSection(SolutionProperties) = preSolution
		HideSolutionNode = FALSE
	EndGlobalSection
	GlobalSection(ExtensibilityGlobals) = postSolution
		SolutionGuid = {56FFF706-3888-4E91-8DBA-0CE1E71E5FAB}
	EndGlobalSection
EndGlobal
